
Microsoft Visual Studio Solution File, Format Version 12.00
# Visual Studio Version 17
VisualStudioVersion = 17.7.34024.191
MinimumVisualStudioVersion = 10.0.40219.1
Project("{9A19103F-16F7-4668-BE54-9A1E7A4F7556}") = "EtiqaCDN", "EtiqaCDN.csproj", "{DED14959-4396-48A4-9C4F-1FE8A3C02DE6}"
EndProject
Global
	GlobalSection(SolutionConfigurationPlatforms) = preSolution
		Debug|Any CPU = Debug|Any CPU
		Release|Any CPU = Release|Any CPU
	EndGlobalSection
	GlobalSection(ProjectConfigurationPlatforms) = postSolution
		{DED14959-4396-48A4-9C4F-1FE8A3C02DE6}.Debug|Any CPU.ActiveCfg = Debug|Any CPU
		{DED14959-4396-48A4-9C4F-1FE8A3C02DE6}.Debug|Any CPU.Build.0 = Debug|Any CPU
		{DED14959-4396-48A4-9C4F-1FE8A3C02DE6}.Release|Any CPU.ActiveCfg = Release|Any CPU
		{DED14959-4396-48A4-9C4F-1FE8A3C02DE6}.Release|Any CPU.Build.0 = Release|Any CPU
	EndGlobalSection
	GlobalSection(SolutionProperties) = preSolution
		HideSolutionNode = FALSE
	EndGlobalSection
	GlobalSection(ExtensibilityGlobals) = postSolution
		SolutionGuid = {919C2B7B-357C-4678-87FA-6450D9F2A3BA}
	EndGlobalSection
EndGlobal
